
Microsoft Visual Studio Solution File, Format Version 12.00
# Visual Studio Version 16
VisualStudioVersion = 16.0.810.8
MinimumVisualStudioVersion = 10.0.40219.1
Project("{FAE04EC0-301F-11D3-BF4B-00C04F79EFBC}") = "SkillTrackerAPIGateway", "SkillTrackerAPIGateway.3.1\SkillTrackerAPIGateway.csproj", "{AA2AAB08-43D0-41EB-88AC-2ACCBDA60322}"
EndProject
Global
	GlobalSection(SolutionConfigurationPlatforms) = preSolution
		Debug|Any CPU = Debug|Any CPU
		Release|Any CPU = Release|Any CPU
	EndGlobalSection
	GlobalSection(ProjectConfigurationPlatforms) = postSolution
		{AA2AAB08-43D0-41EB-88AC-2ACCBDA60322}.Debug|Any CPU.ActiveCfg = Debug|Any CPU
		{AA2AAB08-43D0-41EB-88AC-2ACCBDA60322}.Debug|Any CPU.Build.0 = Debug|Any CPU
		{AA2AAB08-43D0-41EB-88AC-2ACCBDA60322}.Release|Any CPU.ActiveCfg = Release|Any CPU
		{AA2AAB08-43D0-41EB-88AC-2ACCBDA60322}.Release|Any CPU.Build.0 = Release|Any CPU
	EndGlobalSection
	GlobalSection(SolutionProperties) = preSolution
		HideSolutionNode = FALSE
	EndGlobalSection
	GlobalSection(ExtensibilityGlobals) = postSolution
		SolutionGuid = {D15BBF0F-7E57-4248-8C0C-9135F52BCE16}
	EndGlobalSection
EndGlobal
